
Microsoft Visual Studio Solution File, Format Version 12.00
Project("{FAE04EC0-301F-11D3-BF4B-00C04F79EFBC}") = "SnakeAndLadders", "src\SnakeAndLadders\SnakeAndLadders.csproj", "{AE097277-2F2D-453F-BF92-B485016D557F}"
EndProject
Project("{FAE04EC0-301F-11D3-BF4B-00C04F79EFBC}") = "SnakeAndLadders.Test", "tests\SnakeAndLadders.Test\SnakeAndLadders.Test.csproj", "{241406F6-AC00-434B-82A8-DEADA48C32D2}"
EndProject
Global
	GlobalSection(SolutionConfigurationPlatforms) = preSolution
		Debug|Any CPU = Debug|Any CPU
		Release|Any CPU = Release|Any CPU
	EndGlobalSection
	GlobalSection(ProjectConfigurationPlatforms) = postSolution
		{AE097277-2F2D-453F-BF92-B485016D557F}.Debug|Any CPU.ActiveCfg = Debug|Any CPU
		{AE097277-2F2D-453F-BF92-B485016D557F}.Debug|Any CPU.Build.0 = Debug|Any CPU
		{AE097277-2F2D-453F-BF92-B485016D557F}.Release|Any CPU.ActiveCfg = Release|Any CPU
		{AE097277-2F2D-453F-BF92-B485016D557F}.Release|Any CPU.Build.0 = Release|Any CPU
		{241406F6-AC00-434B-82A8-DEADA48C32D2}.Debug|Any CPU.ActiveCfg = Debug|Any CPU
		{241406F6-AC00-434B-82A8-DEADA48C32D2}.Debug|Any CPU.Build.0 = Debug|Any CPU
		{241406F6-AC00-434B-82A8-DEADA48C32D2}.Release|Any CPU.ActiveCfg = Release|Any CPU
		{241406F6-AC00-434B-82A8-DEADA48C32D2}.Release|Any CPU.Build.0 = Release|Any CPU
	EndGlobalSection
EndGlobal
